
Microsoft Visual Studio Solution File, Format Version 12.00
Project("{2150E333-8FDC-42A3-9474-1A3956D46DE8}") = "src", "src", "{A44346B0-50EC-4C90-8D2D-806F78011691}"
EndProject
Project("{FAE04EC0-301F-11D3-BF4B-00C04F79EFBC}") = "CommonLibrary.Core", "src\CommonLibrary.Core\CommonLibrary.Core.csproj", "{05A0EB4F-01B2-44B8-AA65-F2496E7C913A}"
EndProject
Global
	GlobalSection(SolutionConfigurationPlatforms) = preSolution
		Debug|Any CPU = Debug|Any CPU
		Release|Any CPU = Release|Any CPU
	EndGlobalSection
	GlobalSection(ProjectConfigurationPlatforms) = postSolution
		{05A0EB4F-01B2-44B8-AA65-F2496E7C913A}.Debug|Any CPU.ActiveCfg = Debug|Any CPU
		{05A0EB4F-01B2-44B8-AA65-F2496E7C913A}.Debug|Any CPU.Build.0 = Debug|Any CPU
		{05A0EB4F-01B2-44B8-AA65-F2496E7C913A}.Release|Any CPU.ActiveCfg = Release|Any CPU
		{05A0EB4F-01B2-44B8-AA65-F2496E7C913A}.Release|Any CPU.Build.0 = Release|Any CPU
	EndGlobalSection
	GlobalSection(NestedProjects) = preSolution
		{05A0EB4F-01B2-44B8-AA65-F2496E7C913A} = {A44346B0-50EC-4C90-8D2D-806F78011691}
	EndGlobalSection
EndGlobal
